
Microsoft Visual Studio Solution File, Format Version 12.00
Project("{FAE04EC0-301F-11D3-BF4B-00C04F79EFBC}") = "TychoGames.LobbyService.IdentityServer", "TychoGames.LobbyService.IdentityServer\TychoGames.LobbyService.IdentityServer.csproj", "{51141E50-7193-4A5A-AA56-DA399BD4E1BA}"
EndProject
Global
	GlobalSection(SolutionConfigurationPlatforms) = preSolution
		Debug|Any CPU = Debug|Any CPU
		Release|Any CPU = Release|Any CPU
	EndGlobalSection
	GlobalSection(ProjectConfigurationPlatforms) = postSolution
		{51141E50-7193-4A5A-AA56-DA399BD4E1BA}.Debug|Any CPU.ActiveCfg = Debug|Any CPU
		{51141E50-7193-4A5A-AA56-DA399BD4E1BA}.Debug|Any CPU.Build.0 = Debug|Any CPU
		{51141E50-7193-4A5A-AA56-DA399BD4E1BA}.Release|Any CPU.ActiveCfg = Release|Any CPU
		{51141E50-7193-4A5A-AA56-DA399BD4E1BA}.Release|Any CPU.Build.0 = Release|Any CPU
	EndGlobalSection
EndGlobal
